
Microsoft Visual Studio Solution File, Format Version 12.00
# Visual Studio Version 16
VisualStudioVersion = 16.0.29006.145
MinimumVisualStudioVersion = 10.0.40219.1
Project("{FAE04EC0-301F-11D3-BF4B-00C04F79EFBC}") = "DijkstraAlgorithm", "DijkstraAlgorithm.csproj", "{25ECA85F-0F92-462E-A578-CBD607E94219}"
EndProject
Global
	GlobalSection(SolutionConfigurationPlatforms) = preSolution
		Debug|Any CPU = Debug|Any CPU
		Release|Any CPU = Release|Any CPU
	EndGlobalSection
	GlobalSection(ProjectConfigurationPlatforms) = postSolution
		{25ECA85F-0F92-462E-A578-CBD607E94219}.Debug|Any CPU.ActiveCfg = Debug|Any CPU
		{25ECA85F-0F92-462E-A578-CBD607E94219}.Debug|Any CPU.Build.0 = Debug|Any CPU
		{25ECA85F-0F92-462E-A578-CBD607E94219}.Release|Any CPU.ActiveCfg = Release|Any CPU
		{25ECA85F-0F92-462E-A578-CBD607E94219}.Release|Any CPU.Build.0 = Release|Any CPU
	EndGlobalSection
	GlobalSection(SolutionProperties) = preSolution
		HideSolutionNode = FALSE
	EndGlobalSection
	GlobalSection(ExtensibilityGlobals) = postSolution
		SolutionGuid = {74FAEFF0-01C3-486B-B121-300F6543998D}
	EndGlobalSection
EndGlobal
